
Microsoft Visual Studio Solution File, Format Version 12.00
# Visual Studio Version 16
VisualStudioVersion = 16.0.31205.134
MinimumVisualStudioVersion = 10.0.40219.1
Project("{9A19103F-16F7-4668-BE54-9A1E7A4F7556}") = "TuneEsportIFv2", "TuneEsportIFv2.csproj", "{5B09062C-B45A-42B9-A1A0-49FB4EC3C619}"
EndProject
Project("{FAE04EC0-301F-11D3-BF4B-00C04F79EFBC}") = "EsportUnitTest", "..\EsportUnitTest\EsportUnitTest.csproj", "{E10758DF-E9B2-4CCC-A2CC-F5DEC15F3F52}"
EndProject
Global
	GlobalSection(SolutionConfigurationPlatforms) = preSolution
		Debug|Any CPU = Debug|Any CPU
		Release|Any CPU = Release|Any CPU
	EndGlobalSection
	GlobalSection(ProjectConfigurationPlatforms) = postSolution
		{5B09062C-B45A-42B9-A1A0-49FB4EC3C619}.Debug|Any CPU.ActiveCfg = Debug|Any CPU
		{5B09062C-B45A-42B9-A1A0-49FB4EC3C619}.Debug|Any CPU.Build.0 = Debug|Any CPU
		{5B09062C-B45A-42B9-A1A0-49FB4EC3C619}.Release|Any CPU.ActiveCfg = Release|Any CPU
		{5B09062C-B45A-42B9-A1A0-49FB4EC3C619}.Release|Any CPU.Build.0 = Release|Any CPU
		{E10758DF-E9B2-4CCC-A2CC-F5DEC15F3F52}.Debug|Any CPU.ActiveCfg = Debug|Any CPU
		{E10758DF-E9B2-4CCC-A2CC-F5DEC15F3F52}.Debug|Any CPU.Build.0 = Debug|Any CPU
		{E10758DF-E9B2-4CCC-A2CC-F5DEC15F3F52}.Release|Any CPU.ActiveCfg = Release|Any CPU
		{E10758DF-E9B2-4CCC-A2CC-F5DEC15F3F52}.Release|Any CPU.Build.0 = Release|Any CPU
	EndGlobalSection
	GlobalSection(SolutionProperties) = preSolution
		HideSolutionNode = FALSE
	EndGlobalSection
	GlobalSection(ExtensibilityGlobals) = postSolution
		SolutionGuid = {11B2CD77-E64A-4759-AE16-59CE9ED0776E}
	EndGlobalSection
EndGlobal
